{
  "name": "react-dianping",
  "version": "0.1.0",
  "lockfileVersion": 1,
  "requires": true,
  "dependencies": {
    "redux-devtools-extension": {
      "version": "2.13.2",
      "resolved": "http://registry.npm.taobao.org/redux-devtools-extension/download/redux-devtools-extension-2.13.2.tgz",
      "integrity": "sha1-4Pmo6N/KfBe+kscSSVijuU6ykR0=",
      "dev": true
    }
  }
}
